
Microsoft Visual Studio Solution File, Format Version 12.00
# Visual Studio Version 17
VisualStudioVersion = 17.8.34330.188
MinimumVisualStudioVersion = 10.0.40219.1
Project("{FAE04EC0-301F-11D3-BF4B-00C04F79EFBC}") = "apCalc", "apCalc\apCalc.csproj", "{B8CAE86E-75D8-4204-8DA2-6F03435E3527}"
EndProject
Global
	GlobalSection(SolutionConfigurationPlatforms) = preSolution
		Debug|Any CPU = Debug|Any CPU
		Release|Any CPU = Release|Any CPU
	EndGlobalSection
	GlobalSection(ProjectConfigurationPlatforms) = postSolution
		{B8CAE86E-75D8-4204-8DA2-6F03435E3527}.Debug|Any CPU.ActiveCfg = Debug|Any CPU
		{B8CAE86E-75D8-4204-8DA2-6F03435E3527}.Debug|Any CPU.Build.0 = Debug|Any CPU
		{B8CAE86E-75D8-4204-8DA2-6F03435E3527}.Release|Any CPU.ActiveCfg = Release|Any CPU
		{B8CAE86E-75D8-4204-8DA2-6F03435E3527}.Release|Any CPU.Build.0 = Release|Any CPU
	EndGlobalSection
	GlobalSection(SolutionProperties) = preSolution
		HideSolutionNode = FALSE
	EndGlobalSection
	GlobalSection(ExtensibilityGlobals) = postSolution
		SolutionGuid = {B6ADCB5C-37BC-4B4D-8832-9FAAA3A224A2}
	EndGlobalSection
EndGlobal
